
Microsoft Visual Studio Solution File, Format Version 12.00
Project("{FAE04EC0-301F-11D3-BF4B-00C04F79EFBC}") = "Domain", "Domain\Domain.csproj", "{E96ABF29-FFE5-45B5-97AA-085B307906AB}"
EndProject
Project("{FAE04EC0-301F-11D3-BF4B-00C04F79EFBC}") = "Infrastructure", "Infrastructure\Infrastructure.csproj", "{B06349A0-6881-47D7-A1CE-E20227BBD003}"
EndProject
Project("{FAE04EC0-301F-11D3-BF4B-00C04F79EFBC}") = "Application", "Application\Application.csproj", "{EF9044DE-900F-490C-8151-06BB9D35AC0C}"
EndProject
Project("{FAE04EC0-301F-11D3-BF4B-00C04F79EFBC}") = "Api", "Api\Api.csproj", "{3B1AF54E-6EA1-445E-A83C-0D834B0E0FBB}"
EndProject
Project("{2150E333-8FDC-42A3-9474-1A3956D46DE8}") = "src", "src", "{59566E96-E64F-4120-9ED7-69FAFE4311A1}"
EndProject
Project("{2150E333-8FDC-42A3-9474-1A3956D46DE8}") = "tests", "tests", "{38C1C23E-1EA7-4AC8-953C-AFFCB3FE4873}"
EndProject
Project("{FAE04EC0-301F-11D3-BF4B-00C04F79EFBC}") = "Test.Common", "Test.Common\Test.Common.csproj", "{DBE9FBC9-410A-4D8B-A00D-6206718DC08E}"
EndProject
Project("{FAE04EC0-301F-11D3-BF4B-00C04F79EFBC}") = "Test.Data", "Test.Data\Test.Data.csproj", "{55885F35-5598-4F72-A40C-C9F3B2F8749A}"
EndProject
Project("{FAE04EC0-301F-11D3-BF4B-00C04F79EFBC}") = "Api.Test.Integration", "Api.Test.Integration\Api.Test.Integration.csproj", "{86A181F3-79B2-4734-84B5-BC1E9ECE9626}"
EndProject
Global
	GlobalSection(SolutionConfigurationPlatforms) = preSolution
		Debug|Any CPU = Debug|Any CPU
		Release|Any CPU = Release|Any CPU
	EndGlobalSection
	GlobalSection(ProjectConfigurationPlatforms) = postSolution
		{E96ABF29-FFE5-45B5-97AA-085B307906AB}.Debug|Any CPU.ActiveCfg = Debug|Any CPU
		{E96ABF29-FFE5-45B5-97AA-085B307906AB}.Debug|Any CPU.Build.0 = Debug|Any CPU
		{E96ABF29-FFE5-45B5-97AA-085B307906AB}.Release|Any CPU.ActiveCfg = Release|Any CPU
		{E96ABF29-FFE5-45B5-97AA-085B307906AB}.Release|Any CPU.Build.0 = Release|Any CPU
		{B06349A0-6881-47D7-A1CE-E20227BBD003}.Debug|Any CPU.ActiveCfg = Debug|Any CPU
		{B06349A0-6881-47D7-A1CE-E20227BBD003}.Debug|Any CPU.Build.0 = Debug|Any CPU
		{B06349A0-6881-47D7-A1CE-E20227BBD003}.Release|Any CPU.ActiveCfg = Release|Any CPU
		{B06349A0-6881-47D7-A1CE-E20227BBD003}.Release|Any CPU.Build.0 = Release|Any CPU
		{EF9044DE-900F-490C-8151-06BB9D35AC0C}.Debug|Any CPU.ActiveCfg = Debug|Any CPU
		{EF9044DE-900F-490C-8151-06BB9D35AC0C}.Debug|Any CPU.Build.0 = Debug|Any CPU
		{EF9044DE-900F-490C-8151-06BB9D35AC0C}.Release|Any CPU.ActiveCfg = Release|Any CPU
		{EF9044DE-900F-490C-8151-06BB9D35AC0C}.Release|Any CPU.Build.0 = Release|Any CPU
		{3B1AF54E-6EA1-445E-A83C-0D834B0E0FBB}.Debug|Any CPU.ActiveCfg = Debug|Any CPU
		{3B1AF54E-6EA1-445E-A83C-0D834B0E0FBB}.Debug|Any CPU.Build.0 = Debug|Any CPU
		{3B1AF54E-6EA1-445E-A83C-0D834B0E0FBB}.Release|Any CPU.ActiveCfg = Release|Any CPU
		{3B1AF54E-6EA1-445E-A83C-0D834B0E0FBB}.Release|Any CPU.Build.0 = Release|Any CPU
		{DBE9FBC9-410A-4D8B-A00D-6206718DC08E}.Debug|Any CPU.ActiveCfg = Debug|Any CPU
		{DBE9FBC9-410A-4D8B-A00D-6206718DC08E}.Debug|Any CPU.Build.0 = Debug|Any CPU
		{DBE9FBC9-410A-4D8B-A00D-6206718DC08E}.Release|Any CPU.ActiveCfg = Release|Any CPU
		{DBE9FBC9-410A-4D8B-A00D-6206718DC08E}.Release|Any CPU.Build.0 = Release|Any CPU
		{55885F35-5598-4F72-A40C-C9F3B2F8749A}.Debug|Any CPU.ActiveCfg = Debug|Any CPU
		{55885F35-5598-4F72-A40C-C9F3B2F8749A}.Debug|Any CPU.Build.0 = Debug|Any CPU
		{55885F35-5598-4F72-A40C-C9F3B2F8749A}.Release|Any CPU.ActiveCfg = Release|Any CPU
		{55885F35-5598-4F72-A40C-C9F3B2F8749A}.Release|Any CPU.Build.0 = Release|Any CPU
		{86A181F3-79B2-4734-84B5-BC1E9ECE9626}.Debug|Any CPU.ActiveCfg = Debug|Any CPU
		{86A181F3-79B2-4734-84B5-BC1E9ECE9626}.Debug|Any CPU.Build.0 = Debug|Any CPU
		{86A181F3-79B2-4734-84B5-BC1E9ECE9626}.Release|Any CPU.ActiveCfg = Release|Any CPU
		{86A181F3-79B2-4734-84B5-BC1E9ECE9626}.Release|Any CPU.Build.0 = Release|Any CPU
	EndGlobalSection
	GlobalSection(NestedProjects) = preSolution
		{3B1AF54E-6EA1-445E-A83C-0D834B0E0FBB} = {59566E96-E64F-4120-9ED7-69FAFE4311A1}
		{EF9044DE-900F-490C-8151-06BB9D35AC0C} = {59566E96-E64F-4120-9ED7-69FAFE4311A1}
		{E96ABF29-FFE5-45B5-97AA-085B307906AB} = {59566E96-E64F-4120-9ED7-69FAFE4311A1}
		{B06349A0-6881-47D7-A1CE-E20227BBD003} = {59566E96-E64F-4120-9ED7-69FAFE4311A1}
		{DBE9FBC9-410A-4D8B-A00D-6206718DC08E} = {38C1C23E-1EA7-4AC8-953C-AFFCB3FE4873}
		{55885F35-5598-4F72-A40C-C9F3B2F8749A} = {38C1C23E-1EA7-4AC8-953C-AFFCB3FE4873}
		{86A181F3-79B2-4734-84B5-BC1E9ECE9626} = {38C1C23E-1EA7-4AC8-953C-AFFCB3FE4873}
	EndGlobalSection
EndGlobal
